
Microsoft Visual Studio Solution File, Format Version 12.00
Project("{2150E333-8FDC-42A3-9474-1A3956D46DE8}") = "src", "src", "{827E0CD3-B72D-47B6-A68D-7590B98EB39B}"
EndProject
Project("{2150E333-8FDC-42A3-9474-1A3956D46DE8}") = "Shared", "Shared", "{C8E42992-5E42-0C2B-DBFE-AA848D06431C}"
EndProject
Project("{FAE04EC0-301F-11D3-BF4B-00C04F79EFBC}") = "WinesoftPlatform.Shared", "src\Shared\WinesoftPlatform.Shared\WinesoftPlatform.Shared.csproj", "{8D546604-5896-4B46-BE38-296DDD118C8B}"
EndProject
Project("{2150E333-8FDC-42A3-9474-1A3956D46DE8}") = "AuthService", "AuthService", "{2AC20A46-3928-2638-2A2E-83B7FF2AF7AE}"
EndProject
Project("{FAE04EC0-301F-11D3-BF4B-00C04F79EFBC}") = "WinesoftPlatform.AuthService", "src\AuthService\WinesoftPlatform.AuthService\WinesoftPlatform.AuthService.csproj", "{D4EC01F3-8FA5-4200-9C30-2AC782E43F37}"
EndProject
Project("{2150E333-8FDC-42A3-9474-1A3956D46DE8}") = "InventoryService", "InventoryService", "{5C8FFA71-ABED-225F-EBAA-B00A0796978F}"
EndProject
Project("{FAE04EC0-301F-11D3-BF4B-00C04F79EFBC}") = "WinesoftPlatform.InventoryService", "src\InventoryService\WinesoftPlatform.InventoryService\WinesoftPlatform.InventoryService.csproj", "{9AACF2BC-F988-4F41-9F39-3538DFC9C58C}"
EndProject
Project("{2150E333-8FDC-42A3-9474-1A3956D46DE8}") = "PurchaseService", "PurchaseService", "{4A5C44CF-BFBD-5A07-2CBD-E13B80213723}"
EndProject
Project("{FAE04EC0-301F-11D3-BF4B-00C04F79EFBC}") = "WinesoftPlatform.PurchaseService", "src\PurchaseService\WinesoftPlatform.PurchaseService\WinesoftPlatform.PurchaseService.csproj", "{D77D2EB7-D027-428F-A071-A9CFD822D6B8}"
EndProject
Project("{2150E333-8FDC-42A3-9474-1A3956D46DE8}") = "ProfilesService", "ProfilesService", "{CDE2B214-6714-D522-FA1A-4096CBE5FC9D}"
EndProject
Project("{FAE04EC0-301F-11D3-BF4B-00C04F79EFBC}") = "WinesoftPlatform.ProfilesService", "src\ProfilesService\WinesoftPlatform.ProfilesService\WinesoftPlatform.ProfilesService.csproj", "{95D74110-6BFD-4E5B-9F8C-99028DD0B8D9}"
EndProject
Project("{2150E333-8FDC-42A3-9474-1A3956D46DE8}") = "AnalyticsService", "AnalyticsService", "{CDFD2A47-1ACC-1478-4AA3-B19115599C0A}"
EndProject
Project("{FAE04EC0-301F-11D3-BF4B-00C04F79EFBC}") = "WinesoftPlatform.AnalyticsService", "src\AnalyticsService\WinesoftPlatform.AnalyticsService\WinesoftPlatform.AnalyticsService.csproj", "{AB849B10-5484-44A7-AC1A-0BBD00DDB7F4}"
EndProject
Project("{2150E333-8FDC-42A3-9474-1A3956D46DE8}") = "IoTSimulatorService", "IoTSimulatorService", "{BDB186E3-F578-D371-8325-152C5843473E}"
EndProject
Project("{FAE04EC0-301F-11D3-BF4B-00C04F79EFBC}") = "WinesoftPlatform.IoTSimulatorService", "src\IoTSimulatorService\WinesoftPlatform.IoTSimulatorService\WinesoftPlatform.IoTSimulatorService.csproj", "{260ED83E-9708-4F7B-833D-3A2616638849}"
EndProject
Project("{2150E333-8FDC-42A3-9474-1A3956D46DE8}") = "GatewayService", "GatewayService", "{CC977DB2-03FB-B3D2-064A-6BCC73BDAB7C}"
EndProject
Project("{FAE04EC0-301F-11D3-BF4B-00C04F79EFBC}") = "WinesoftPlatform.GatewayService", "src\GatewayService\WinesoftPlatform.GatewayService\WinesoftPlatform.GatewayService.csproj", "{83976157-F29E-4E33-92A3-09CD41CA6784}"
EndProject
Global
	GlobalSection(SolutionConfigurationPlatforms) = preSolution
		Debug|Any CPU = Debug|Any CPU
		Debug|x64 = Debug|x64
		Debug|x86 = Debug|x86
		Release|Any CPU = Release|Any CPU
		Release|x64 = Release|x64
		Release|x86 = Release|x86
	EndGlobalSection
	GlobalSection(ProjectConfigurationPlatforms) = postSolution
		{8D546604-5896-4B46-BE38-296DDD118C8B}.Debug|Any CPU.ActiveCfg = Debug|Any CPU
		{8D546604-5896-4B46-BE38-296DDD118C8B}.Debug|Any CPU.Build.0 = Debug|Any CPU
		{8D546604-5896-4B46-BE38-296DDD118C8B}.Debug|x64.ActiveCfg = Debug|Any CPU
		{8D546604-5896-4B46-BE38-296DDD118C8B}.Debug|x64.Build.0 = Debug|Any CPU
		{8D546604-5896-4B46-BE38-296DDD118C8B}.Debug|x86.ActiveCfg = Debug|Any CPU
		{8D546604-5896-4B46-BE38-296DDD118C8B}.Debug|x86.Build.0 = Debug|Any CPU
		{8D546604-5896-4B46-BE38-296DDD118C8B}.Release|Any CPU.ActiveCfg = Release|Any CPU
		{8D546604-5896-4B46-BE38-296DDD118C8B}.Release|Any CPU.Build.0 = Release|Any CPU
		{8D546604-5896-4B46-BE38-296DDD118C8B}.Release|x64.ActiveCfg = Release|Any CPU
		{8D546604-5896-4B46-BE38-296DDD118C8B}.Release|x64.Build.0 = Release|Any CPU
		{8D546604-5896-4B46-BE38-296DDD118C8B}.Release|x86.ActiveCfg = Release|Any CPU
		{8D546604-5896-4B46-BE38-296DDD118C8B}.Release|x86.Build.0 = Release|Any CPU
		{D4EC01F3-8FA5-4200-9C30-2AC782E43F37}.Debug|Any CPU.ActiveCfg = Debug|Any CPU
		{D4EC01F3-8FA5-4200-9C30-2AC782E43F37}.Debug|Any CPU.Build.0 = Debug|Any CPU
		{D4EC01F3-8FA5-4200-9C30-2AC782E43F37}.Debug|x64.ActiveCfg = Debug|Any CPU
		{D4EC01F3-8FA5-4200-9C30-2AC782E43F37}.Debug|x64.Build.0 = Debug|Any CPU
		{D4EC01F3-8FA5-4200-9C30-2AC782E43F37}.Debug|x86.ActiveCfg = Debug|Any CPU
		{D4EC01F3-8FA5-4200-9C30-2AC782E43F37}.Debug|x86.Build.0 = Debug|Any CPU
		{D4EC01F3-8FA5-4200-9C30-2AC782E43F37}.Release|Any CPU.ActiveCfg = Release|Any CPU
		{D4EC01F3-8FA5-4200-9C30-2AC782E43F37}.Release|Any CPU.Build.0 = Release|Any CPU
		{D4EC01F3-8FA5-4200-9C30-2AC782E43F37}.Release|x64.ActiveCfg = Release|Any CPU
		{D4EC01F3-8FA5-4200-9C30-2AC782E43F37}.Release|x64.Build.0 = Release|Any CPU
		{D4EC01F3-8FA5-4200-9C30-2AC782E43F37}.Release|x86.ActiveCfg = Release|Any CPU
		{D4EC01F3-8FA5-4200-9C30-2AC782E43F37}.Release|x86.Build.0 = Release|Any CPU
		{9AACF2BC-F988-4F41-9F39-3538DFC9C58C}.Debug|Any CPU.ActiveCfg = Debug|Any CPU
		{9AACF2BC-F988-4F41-9F39-3538DFC9C58C}.Debug|Any CPU.Build.0 = Debug|Any CPU
		{9AACF2BC-F988-4F41-9F39-3538DFC9C58C}.Debug|x64.ActiveCfg = Debug|Any CPU
		{9AACF2BC-F988-4F41-9F39-3538DFC9C58C}.Debug|x64.Build.0 = Debug|Any CPU
		{9AACF2BC-F988-4F41-9F39-3538DFC9C58C}.Debug|x86.ActiveCfg = Debug|Any CPU
		{9AACF2BC-F988-4F41-9F39-3538DFC9C58C}.Debug|x86.Build.0 = Debug|Any CPU
		{9AACF2BC-F988-4F41-9F39-3538DFC9C58C}.Release|Any CPU.ActiveCfg = Release|Any CPU
		{9AACF2BC-F988-4F41-9F39-3538DFC9C58C}.Release|Any CPU.Build.0 = Release|Any CPU
		{9AACF2BC-F988-4F41-9F39-3538DFC9C58C}.Release|x64.ActiveCfg = Release|Any CPU
		{9AACF2BC-F988-4F41-9F39-3538DFC9C58C}.Release|x64.Build.0 = Release|Any CPU
		{9AACF2BC-F988-4F41-9F39-3538DFC9C58C}.Release|x86.ActiveCfg = Release|Any CPU
		{9AACF2BC-F988-4F41-9F39-3538DFC9C58C}.Release|x86.Build.0 = Release|Any CPU
		{D77D2EB7-D027-428F-A071-A9CFD822D6B8}.Debug|Any CPU.ActiveCfg = Debug|Any CPU
		{D77D2EB7-D027-428F-A071-A9CFD822D6B8}.Debug|Any CPU.Build.0 = Debug|Any CPU
		{D77D2EB7-D027-428F-A071-A9CFD822D6B8}.Debug|x64.ActiveCfg = Debug|Any CPU
		{D77D2EB7-D027-428F-A071-A9CFD822D6B8}.Debug|x64.Build.0 = Debug|Any CPU
		{D77D2EB7-D027-428F-A071-A9CFD822D6B8}.Debug|x86.ActiveCfg = Debug|Any CPU
		{D77D2EB7-D027-428F-A071-A9CFD822D6B8}.Debug|x86.Build.0 = Debug|Any CPU
		{D77D2EB7-D027-428F-A071-A9CFD822D6B8}.Release|Any CPU.ActiveCfg = Release|Any CPU
		{D77D2EB7-D027-428F-A071-A9CFD822D6B8}.Release|Any CPU.Build.0 = Release|Any CPU
		{D77D2EB7-D027-428F-A071-A9CFD822D6B8}.Release|x64.ActiveCfg = Release|Any CPU
		{D77D2EB7-D027-428F-A071-A9CFD822D6B8}.Release|x64.Build.0 = Release|Any CPU
		{D77D2EB7-D027-428F-A071-A9CFD822D6B8}.Release|x86.ActiveCfg = Release|Any CPU
		{D77D2EB7-D027-428F-A071-A9CFD822D6B8}.Release|x86.Build.0 = Release|Any CPU
		{95D74110-6BFD-4E5B-9F8C-99028DD0B8D9}.Debug|Any CPU.ActiveCfg = Debug|Any CPU
		{95D74110-6BFD-4E5B-9F8C-99028DD0B8D9}.Debug|Any CPU.Build.0 = Debug|Any CPU
		{95D74110-6BFD-4E5B-9F8C-99028DD0B8D9}.Debug|x64.ActiveCfg = Debug|Any CPU
		{95D74110-6BFD-4E5B-9F8C-99028DD0B8D9}.Debug|x64.Build.0 = Debug|Any CPU
		{95D74110-6BFD-4E5B-9F8C-99028DD0B8D9}.Debug|x86.ActiveCfg = Debug|Any CPU
		{95D74110-6BFD-4E5B-9F8C-99028DD0B8D9}.Debug|x86.Build.0 = Debug|Any CPU
		{95D74110-6BFD-4E5B-9F8C-99028DD0B8D9}.Release|Any CPU.ActiveCfg = Release|Any CPU
		{95D74110-6BFD-4E5B-9F8C-99028DD0B8D9}.Release|Any CPU.Build.0 = Release|Any CPU
		{95D74110-6BFD-4E5B-9F8C-99028DD0B8D9}.Release|x64.ActiveCfg = Release|Any CPU
		{95D74110-6BFD-4E5B-9F8C-99028DD0B8D9}.Release|x64.Build.0 = Release|Any CPU
		{95D74110-6BFD-4E5B-9F8C-99028DD0B8D9}.Release|x86.ActiveCfg = Release|Any CPU
		{95D74110-6BFD-4E5B-9F8C-99028DD0B8D9}.Release|x86.Build.0 = Release|Any CPU
		{AB849B10-5484-44A7-AC1A-0BBD00DDB7F4}.Debug|Any CPU.ActiveCfg = Debug|Any CPU
		{AB849B10-5484-44A7-AC1A-0BBD00DDB7F4}.Debug|Any CPU.Build.0 = Debug|Any CPU
		{AB849B10-5484-44A7-AC1A-0BBD00DDB7F4}.Debug|x64.ActiveCfg = Debug|Any CPU
		{AB849B10-5484-44A7-AC1A-0BBD00DDB7F4}.Debug|x64.Build.0 = Debug|Any CPU
		{AB849B10-5484-44A7-AC1A-0BBD00DDB7F4}.Debug|x86.ActiveCfg = Debug|Any CPU
		{AB849B10-5484-44A7-AC1A-0BBD00DDB7F4}.Debug|x86.Build.0 = Debug|Any CPU
		{AB849B10-5484-44A7-AC1A-0BBD00DDB7F4}.Release|Any CPU.ActiveCfg = Release|Any CPU
		{AB849B10-5484-44A7-AC1A-0BBD00DDB7F4}.Release|Any CPU.Build.0 = Release|Any CPU
		{AB849B10-5484-44A7-AC1A-0BBD00DDB7F4}.Release|x64.ActiveCfg = Release|Any CPU
		{AB849B10-5484-44A7-AC1A-0BBD00DDB7F4}.Release|x64.Build.0 = Release|Any CPU
		{AB849B10-5484-44A7-AC1A-0BBD00DDB7F4}.Release|x86.ActiveCfg = Release|Any CPU
		{AB849B10-5484-44A7-AC1A-0BBD00DDB7F4}.Release|x86.Build.0 = Release|Any CPU
		{260ED83E-9708-4F7B-833D-3A2616638849}.Debug|Any CPU.ActiveCfg = Debug|Any CPU
		{260ED83E-9708-4F7B-833D-3A2616638849}.Debug|Any CPU.Build.0 = Debug|Any CPU
		{260ED83E-9708-4F7B-833D-3A2616638849}.Debug|x64.ActiveCfg = Debug|Any CPU
		{260ED83E-9708-4F7B-833D-3A2616638849}.Debug|x64.Build.0 = Debug|Any CPU
		{260ED83E-9708-4F7B-833D-3A2616638849}.Debug|x86.ActiveCfg = Debug|Any CPU
		{260ED83E-9708-4F7B-833D-3A2616638849}.Debug|x86.Build.0 = Debug|Any CPU
		{260ED83E-9708-4F7B-833D-3A2616638849}.Release|Any CPU.ActiveCfg = Release|Any CPU
		{260ED83E-9708-4F7B-833D-3A2616638849}.Release|Any CPU.Build.0 = Release|Any CPU
		{260ED83E-9708-4F7B-833D-3A2616638849}.Release|x64.ActiveCfg = Release|Any CPU
		{260ED83E-9708-4F7B-833D-3A2616638849}.Release|x64.Build.0 = Release|Any CPU
		{260ED83E-9708-4F7B-833D-3A2616638849}.Release|x86.ActiveCfg = Release|Any CPU
		{260ED83E-9708-4F7B-833D-3A2616638849}.Release|x86.Build.0 = Release|Any CPU
		{83976157-F29E-4E33-92A3-09CD41CA6784}.Debug|Any CPU.ActiveCfg = Debug|Any CPU
		{83976157-F29E-4E33-92A3-09CD41CA6784}.Debug|Any CPU.Build.0 = Debug|Any CPU
		{83976157-F29E-4E33-92A3-09CD41CA6784}.Debug|x64.ActiveCfg = Debug|Any CPU
		{83976157-F29E-4E33-92A3-09CD41CA6784}.Debug|x64.Build.0 = Debug|Any CPU
		{83976157-F29E-4E33-92A3-09CD41CA6784}.Debug|x86.ActiveCfg = Debug|Any CPU
		{83976157-F29E-4E33-92A3-09CD41CA6784}.Debug|x86.Build.0 = Debug|Any CPU
		{83976157-F29E-4E33-92A3-09CD41CA6784}.Release|Any CPU.ActiveCfg = Release|Any CPU
		{83976157-F29E-4E33-92A3-09CD41CA6784}.Release|Any CPU.Build.0 = Release|Any CPU
		{83976157-F29E-4E33-92A3-09CD41CA6784}.Release|x64.ActiveCfg = Release|Any CPU
		{83976157-F29E-4E33-92A3-09CD41CA6784}.Release|x64.Build.0 = Release|Any CPU
		{83976157-F29E-4E33-92A3-09CD41CA6784}.Release|x86.ActiveCfg = Release|Any CPU
		{83976157-F29E-4E33-92A3-09CD41CA6784}.Release|x86.Build.0 = Release|Any CPU
	EndGlobalSection
	GlobalSection(SolutionProperties) = preSolution
		HideSolutionNode = FALSE
	EndGlobalSection
	GlobalSection(NestedProjects) = preSolution
		{C8E42992-5E42-0C2B-DBFE-AA848D06431C} = {827E0CD3-B72D-47B6-A68D-7590B98EB39B}
		{8D546604-5896-4B46-BE38-296DDD118C8B} = {C8E42992-5E42-0C2B-DBFE-AA848D06431C}
		{2AC20A46-3928-2638-2A2E-83B7FF2AF7AE} = {827E0CD3-B72D-47B6-A68D-7590B98EB39B}
		{D4EC01F3-8FA5-4200-9C30-2AC782E43F37} = {2AC20A46-3928-2638-2A2E-83B7FF2AF7AE}
		{5C8FFA71-ABED-225F-EBAA-B00A0796978F} = {827E0CD3-B72D-47B6-A68D-7590B98EB39B}
		{9AACF2BC-F988-4F41-9F39-3538DFC9C58C} = {5C8FFA71-ABED-225F-EBAA-B00A0796978F}
		{4A5C44CF-BFBD-5A07-2CBD-E13B80213723} = {827E0CD3-B72D-47B6-A68D-7590B98EB39B}
		{D77D2EB7-D027-428F-A071-A9CFD822D6B8} = {4A5C44CF-BFBD-5A07-2CBD-E13B80213723}
		{CDE2B214-6714-D522-FA1A-4096CBE5FC9D} = {827E0CD3-B72D-47B6-A68D-7590B98EB39B}
		{95D74110-6BFD-4E5B-9F8C-99028DD0B8D9} = {CDE2B214-6714-D522-FA1A-4096CBE5FC9D}
		{CDFD2A47-1ACC-1478-4AA3-B19115599C0A} = {827E0CD3-B72D-47B6-A68D-7590B98EB39B}
		{AB849B10-5484-44A7-AC1A-0BBD00DDB7F4} = {CDFD2A47-1ACC-1478-4AA3-B19115599C0A}
		{BDB186E3-F578-D371-8325-152C5843473E} = {827E0CD3-B72D-47B6-A68D-7590B98EB39B}
		{260ED83E-9708-4F7B-833D-3A2616638849} = {BDB186E3-F578-D371-8325-152C5843473E}
		{CC977DB2-03FB-B3D2-064A-6BCC73BDAB7C} = {827E0CD3-B72D-47B6-A68D-7590B98EB39B}
		{83976157-F29E-4E33-92A3-09CD41CA6784} = {CC977DB2-03FB-B3D2-064A-6BCC73BDAB7C}
	EndGlobalSection
EndGlobal
